
Microsoft Visual Studio Solution File, Format Version 12.00
# Visual Studio Version 17
VisualStudioVersion = 17.3.32825.248
MinimumVisualStudioVersion = 10.0.40219.1
Project("{FAE04EC0-301F-11D3-BF4B-00C04F79EFBC}") = "Calculadora", "Calculadora\Calculadora.csproj", "{80657AC2-F8BB-4FE7-AF9F-CA89F5391536}"
EndProject
Global
	GlobalSection(SolutionConfigurationPlatforms) = preSolution
		Debug|Any CPU = Debug|Any CPU
		Release|Any CPU = Release|Any CPU
	EndGlobalSection
	GlobalSection(ProjectConfigurationPlatforms) = postSolution
		{80657AC2-F8BB-4FE7-AF9F-CA89F5391536}.Debug|Any CPU.ActiveCfg = Debug|Any CPU
		{80657AC2-F8BB-4FE7-AF9F-CA89F5391536}.Debug|Any CPU.Build.0 = Debug|Any CPU
		{80657AC2-F8BB-4FE7-AF9F-CA89F5391536}.Release|Any CPU.ActiveCfg = Release|Any CPU
		{80657AC2-F8BB-4FE7-AF9F-CA89F5391536}.Release|Any CPU.Build.0 = Release|Any CPU
	EndGlobalSection
	GlobalSection(SolutionProperties) = preSolution
		HideSolutionNode = FALSE
	EndGlobalSection
	GlobalSection(ExtensibilityGlobals) = postSolution
		SolutionGuid = {3148C1B1-B916-4E15-87D4-0782FB51431A}
	EndGlobalSection
EndGlobal
